
Microsoft Visual Studio Solution File, Format Version 12.00
# Visual Studio 15
VisualStudioVersion = 15.0.28010.2036
MinimumVisualStudioVersion = 10.0.40219.1
Project("{FAE04EC0-301F-11D3-BF4B-00C04F79EFBC}") = "TIMC", "TIMC\TIMC.csproj", "{56A6E352-CFCA-4AE0-AB5A-269E281F7D96}"
EndProject
Project("{FAE04EC0-301F-11D3-BF4B-00C04F79EFBC}") = "BLL", "BLL\BLL.csproj", "{63EB6D93-1EF0-4CB8-9D65-8AE300503251}"
EndProject
Global
	GlobalSection(SolutionConfigurationPlatforms) = preSolution
		Debug|Any CPU = Debug|Any CPU
		Release|Any CPU = Release|Any CPU
	EndGlobalSection
	GlobalSection(ProjectConfigurationPlatforms) = postSolution
		{56A6E352-CFCA-4AE0-AB5A-269E281F7D96}.Debug|Any CPU.ActiveCfg = Debug|Any CPU
		{56A6E352-CFCA-4AE0-AB5A-269E281F7D96}.Debug|Any CPU.Build.0 = Debug|Any CPU
		{56A6E352-CFCA-4AE0-AB5A-269E281F7D96}.Release|Any CPU.ActiveCfg = Release|Any CPU
		{56A6E352-CFCA-4AE0-AB5A-269E281F7D96}.Release|Any CPU.Build.0 = Release|Any CPU
		{63EB6D93-1EF0-4CB8-9D65-8AE300503251}.Debug|Any CPU.ActiveCfg = Debug|Any CPU
		{63EB6D93-1EF0-4CB8-9D65-8AE300503251}.Debug|Any CPU.Build.0 = Debug|Any CPU
		{63EB6D93-1EF0-4CB8-9D65-8AE300503251}.Release|Any CPU.ActiveCfg = Release|Any CPU
		{63EB6D93-1EF0-4CB8-9D65-8AE300503251}.Release|Any CPU.Build.0 = Release|Any CPU
	EndGlobalSection
	GlobalSection(SolutionProperties) = preSolution
		HideSolutionNode = FALSE
	EndGlobalSection
	GlobalSection(ExtensibilityGlobals) = postSolution
		SolutionGuid = {1146F466-D17B-4F61-A8D9-3164C1DC0875}
	EndGlobalSection
EndGlobal
